
Microsoft Visual Studio Solution File, Format Version 12.00
# Visual Studio Version 17
VisualStudioVersion = 17.3.32901.215
MinimumVisualStudioVersion = 10.0.40219.1
Project("{FAE04EC0-301F-11D3-BF4B-00C04F79EFBC}") = "LD51", "LD51\LD51.csproj", "{71B3DAD3-3730-4F1B-BE74-1F3F9ACEE14F}"
EndProject
Global
	GlobalSection(SolutionConfigurationPlatforms) = preSolution
		Debug|Any CPU = Debug|Any CPU
		Release|Any CPU = Release|Any CPU
	EndGlobalSection
	GlobalSection(ProjectConfigurationPlatforms) = postSolution
		{71B3DAD3-3730-4F1B-BE74-1F3F9ACEE14F}.Debug|Any CPU.ActiveCfg = Debug|Any CPU
		{71B3DAD3-3730-4F1B-BE74-1F3F9ACEE14F}.Debug|Any CPU.Build.0 = Debug|Any CPU
		{71B3DAD3-3730-4F1B-BE74-1F3F9ACEE14F}.Release|Any CPU.ActiveCfg = Release|Any CPU
		{71B3DAD3-3730-4F1B-BE74-1F3F9ACEE14F}.Release|Any CPU.Build.0 = Release|Any CPU
	EndGlobalSection
	GlobalSection(SolutionProperties) = preSolution
		HideSolutionNode = FALSE
	EndGlobalSection
	GlobalSection(ExtensibilityGlobals) = postSolution
		SolutionGuid = {FEC8BB20-79C2-4E04-8E42-D9150DE6813E}
	EndGlobalSection
EndGlobal
